<?xml version="1.0" encoding="utf-8"?>
<Project ToolsVersion="4.0" xmlns:atg="http://atg.xbox.com" xmlns="http://schemas.microsoft.com/developer/msbuild/2003">
  <ItemGroup>
    <Filter Include="Resource Files">
      <UniqueIdentifier>{8e114980-c1a3-4ada-ad7c-83caadf5daeb}</UniqueIdentifier>
      <Extensions>rc;ico;cur;bmp;dlg;rc2;rct;bin;rgs;gif;jpg;jpeg;jpe</Extensions>
    </Filter>
    <Filter Include="DXUT">
      <UniqueIdentifier>{a43c5c25-0e86-4a20-b64a-883785ff74fd}</UniqueIdentifier>
    </Filter>
    <Filter Include="Shaders">
      <UniqueIdentifier>{2c3d4c8c-5d1a-459a-a05a-a4e4b608a44e}</UniqueIdentifier>
      <Extensions>fx;fxh;hlsl</Extensions>
    </Filter>
    <Filter Include="Manager">
      <UniqueIdentifier>{94649866-6faf-4189-9f5e-78645188ae2e}</UniqueIdentifier>
    </Filter>
    <Filter Include="MainGame">
      <UniqueIdentifier>{f09d75a9-6223-46fb-9040-a111cf7544d4}</UniqueIdentifier>
    </Filter>
    <Filter Include="Object">
      <UniqueIdentifier>{ff51e61b-07ec-4583-bfc7-cb70e95c4428}</UniqueIdentifier>
    </Filter>
    <Filter Include="Scene">
      <UniqueIdentifier>{61e3d6a1-5899-4585-bc11-52edca334888}</UniqueIdentifier>
    </Filter>
    <Filter Include="System">
      <UniqueIdentifier>{997d8eff-6fe0-432a-b233-8b6547600b8f}</UniqueIdentifier>
    </Filter>
    <Filter Include="Scene\Title">
      <UniqueIdentifier>{5189a7cb-b320-41a7-9f1f-11d4eb904497}</UniqueIdentifier>
    </Filter>
    <Filter Include="Scene\Ingame">
      <UniqueIdentifier>{5ac34b16-c9c1-4102-bbc4-d9397e230fd6}</UniqueIdentifier>
    </Filter>
    <Filter Include="Manager\Image">
      <UniqueIdentifier>{0121abe0-bbfa-4bd4-8e2b-d21606bd20fb}</UniqueIdentifier>
    </Filter>
    <Filter Include="Manager\Input">
      <UniqueIdentifier>{5b3c8640-3502-4c1e-8153-9018c2936b7e}</UniqueIdentifier>
    </Filter>
    <Filter Include="Manager\Scene">
      <UniqueIdentifier>{dd4aab9c-fca8-44bf-8f46-cf07b5cff1ce}</UniqueIdentifier>
    </Filter>
    <Filter Include="Object\Ingame">
      <UniqueIdentifier>{74ce5bd9-60b7-4617-9e52-503eee6f6b88}</UniqueIdentifier>
    </Filter>
    <Filter Include="Object\UI">
      <UniqueIdentifier>{ad1bccc8-c155-46f3-bf2c-c9ae4b29e112}</UniqueIdentifier>
    </Filter>
    <Filter Include="Object\Ingame\Background">
      <UniqueIdentifier>{1aaf854a-be6d-4a0f-b3bb-62f2d1e63415}</UniqueIdentifier>
    </Filter>
    <Filter Include="Object\Ingame\Player">
      <UniqueIdentifier>{02608335-3965-4478-be94-064b372a1f4b}</UniqueIdentifier>
    </Filter>
    <Filter Include="Object\Ingame\Bullet">
      <UniqueIdentifier>{c2e537c2-3b2c-4d31-8771-37a93c84f7e9}</UniqueIdentifier>
    </Filter>
    <Filter Include="Object\Ingame\Enemy">
      <UniqueIdentifier>{9bde5ee7-373e-4b18-874d-b345b9801efe}</UniqueIdentifier>
    </Filter>
    <Filter Include="Object\Ingame\Enemy\cEnemy1">
      <UniqueIdentifier>{accb801b-8540-45a5-99e3-3c9b2c444c47}</UniqueIdentifier>
    </Filter>
    <Filter Include="Object\Ingame\UI">
      <UniqueIdentifier>{63c63ba7-09b3-4842-a567-79f3c156e499}</UniqueIdentifier>
    </Filter>
    <Filter Include="Object\Ingame\UI\Image">
      <UniqueIdentifier>{e48a0495-8f82-48c5-93e9-9cbe86ab309b}</UniqueIdentifier>
    </Filter>
    <Filter Include="Object\Ingame\Item">
      <UniqueIdentifier>{b26aadce-cf93-4106-96b4-438c6cc3922d}</UniqueIdentifier>
    </Filter>
    <Filter Include="Object\Ingame\Enemy\Boss">
      <UniqueIdentifier>{43ba380e-39fb-43e9-8644-cd2f31208f3a}</UniqueIdentifier>
    </Filter>
    <Filter Include="Scene\Title\Credit">
      <UniqueIdentifier>{d10b0cf0-1b7d-45cd-b623-12f96faa1f53}</UniqueIdentifier>
    </Filter>
    <Filter Include="Object\Credit">
      <UniqueIdentifier>{64b02c17-df53-4a0d-b83d-a3029d5d2a17}</UniqueIdentifier>
    </Filter>
    <Filter Include="Object\Credit\Background">
      <UniqueIdentifier>{6c94dc74-095b-4b04-bc17-49d220f76ebd}</UniqueIdentifier>
    </Filter>
    <Filter Include="Object\Credit\UI">
      <UniqueIdentifier>{eb1be6da-753b-4843-8fa1-ab49052b2194}</UniqueIdentifier>
    </Filter>
    <Filter Include="Object\Title">
      <UniqueIdentifier>{0c4fd2a7-a2fa-4184-866f-e7b16c6122b7}</UniqueIdentifier>
    </Filter>
    <Filter Include="Object\Title\Background">
      <UniqueIdentifier>{c31cf935-ac84-4973-82c2-df87c37f9742}</UniqueIdentifier>
    </Filter>
    <Filter Include="Object\Title\UI">
      <UniqueIdentifier>{c38bdcd8-541e-4b40-af6a-5913b11e2247}</UniqueIdentifier>
    </Filter>
    <Filter Include="Object\Title\UI\Button">
      <UniqueIdentifier>{42e708b1-13cd-45ed-8033-35743eef485d}</UniqueIdentifier>
    </Filter>
    <Filter Include="Manager\Sound">
      <UniqueIdentifier>{7ce79e21-6b01-453b-abc8-4e73a88e1f54}</UniqueIdentifier>
    </Filter>
    <Filter Include="Object\Ingame\UI\Button">
      <UniqueIdentifier>{908fe321-e777-481b-9e0c-4d8a28715f98}</UniqueIdentifier>
    </Filter>
    <Filter Include="Object\Ingame\UI\Image\Bomb">
      <UniqueIdentifier>{5d642f3f-8ec2-46d8-a98d-c9eaf37690e0}</UniqueIdentifier>
    </Filter>
    <Filter Include="Object\Ingame\UI\Image\Pause">
      <UniqueIdentifier>{d6a1aa5f-43ca-4936-9943-25aac2661995}</UniqueIdentifier>
    </Filter>
    <Filter Include="Object\Ingame\UI\Image\Status">
      <UniqueIdentifier>{6709feb0-f71b-437d-b140-5ec0ec9d8815}</UniqueIdentifier>
    </Filter>
    <Filter Include="Object\Ingame\UI\Image\Score">
      <UniqueIdentifier>{bbe948b8-2b08-4b23-aa9e-5eccfee474bb}</UniqueIdentifier>
    </Filter>
    <Filter Include="Object\Ingame\UI\Image\TaroCard">
      <UniqueIdentifier>{f81a15de-29bc-40a4-b39b-6062d381746c}</UniqueIdentifier>
    </Filter>
    <Filter Include="Object\Ingame\UI\Image\Gameover">
      <UniqueIdentifier>{31c4e363-b458-4978-ae2a-5dabb859a9bb}</UniqueIdentifier>
    </Filter>
    <Filter Include="Object\Ingame\UI\Button\Pause">
      <UniqueIdentifier>{5e835ad8-c1d6-4f89-a459-39affb8f2ed3}</UniqueIdentifier>
    </Filter>
    <Filter Include="Object\Ingame\UI\Button\Gameover">
      <UniqueIdentifier>{98bd45fe-7627-4cc1-9069-c244b24ed187}</UniqueIdentifier>
    </Filter>
  </ItemGroup>
  <ItemGroup>
    <None Include="DXUT\Optional\directx.ico">
      <Filter>Resource Files</Filter>
    </None>
    <ClInclude Include="DXUT\Core\DXUT.h">
      <Filter>DXUT</Filter>
    </ClInclude>
    <ClInclude Include="DXUT\Core\DXUTenum.h">
      <Filter>DXUT</Filter>
    </ClInclude>
    <ClInclude Include="DXUT\Core\DXUTmisc.h">
      <Filter>DXUT</Filter>
    </ClInclude>
    <ClCompile Include="DXUT\Core\DXUT.cpp">
      <Filter>DXUT</Filter>
    </ClCompile>
    <ClCompile Include="DXUT\Core\DXUTenum.cpp">
      <Filter>DXUT</Filter>
    </ClCompile>
    <ClCompile Include="DXUT\Core\DXUTmisc.cpp">
      <Filter>DXUT</Filter>
    </ClCompile>
    <ClInclude Include="DXUT\Optional\DXUTcamera.h">
      <Filter>DXUT</Filter>
    </ClInclude>
    <ClInclude Include="DXUT\Optional\DXUTgui.h">
      <Filter>DXUT</Filter>
    </ClInclude>
    <ClInclude Include="DXUT\Optional\DXUTres.h">
      <Filter>DXUT</Filter>
    </ClInclude>
    <ClInclude Include="DXUT\Optional\DXUTsettingsdlg.h">
      <Filter>DXUT</Filter>
    </ClInclude>
    <ClInclude Include="DXUT\Optional\SDKmesh.h">
      <Filter>DXUT</Filter>
    </ClInclude>
    <ClInclude Include="DXUT\Optional\SDKmisc.h">
      <Filter>DXUT</Filter>
    </ClInclude>
    <ClCompile Include="DXUT\Optional\DXUTcamera.cpp">
      <Filter>DXUT</Filter>
    </ClCompile>
    <ClCompile Include="DXUT\Optional\DXUTgui.cpp">
      <Filter>DXUT</Filter>
    </ClCompile>
    <ClCompile Include="DXUT\Optional\DXUTres.cpp">
      <Filter>DXUT</Filter>
    </ClCompile>
    <ClCompile Include="DXUT\Optional\DXUTsettingsdlg.cpp">
      <Filter>DXUT</Filter>
    </ClCompile>
    <ClCompile Include="DXUT\Optional\SDKmesh.cpp">
      <Filter>DXUT</Filter>
    </ClCompile>
    <ClCompile Include="DXUT\Optional\SDKmisc.cpp">
      <Filter>DXUT</Filter>
    </ClCompile>
  </ItemGroup>
  <ItemGroup>
    <ClCompile Include="SmileGate_Project.cpp" />
    <ClCompile Include="cMainGame.cpp">
      <Filter>MainGame</Filter>
    </ClCompile>
    <ClCompile Include="cGameManager.cpp">
      <Filter>Manager</Filter>
    </ClCompile>
    <ClCompile Include="cScene.cpp">
      <Filter>Scene</Filter>
    </ClCompile>
    <ClCompile Include="cGameObject.cpp">
      <Filter>Object</Filter>
    </ClCompile>
    <ClCompile Include="cImageManager.cpp">
      <Filter>Manager\Image</Filter>
    </ClCompile>
    <ClCompile Include="cInputManager.cpp">
      <Filter>Manager\Input</Filter>
    </ClCompile>
    <ClCompile Include="cSceneManager.cpp">
      <Filter>Manager\Scene</Filter>
    </ClCompile>
    <ClCompile Include="cTexture.cpp">
      <Filter>Manager\Image</Filter>
    </ClCompile>
    <ClCompile Include="cTitleScene.cpp">
      <Filter>Scene\Title</Filter>
    </ClCompile>
    <ClCompile Include="cIngameScene.cpp">
      <Filter>Scene\Ingame</Filter>
    </ClCompile>
    <ClCompile Include="cTitleBackground.cpp">
      <Filter>Object\Title\Background</Filter>
    </ClCompile>
    <ClCompile Include="cUI_Button.cpp">
      <Filter>Object\UI</Filter>
    </ClCompile>
    <ClCompile Include="cUtility.cpp">
      <Filter>System</Filter>
    </ClCompile>
    <ClCompile Include="cUI_Button_Gamestart.cpp">
      <Filter>Object\Title\UI\Button</Filter>
    </ClCompile>
    <ClCompile Include="cUI_Logo.cpp">
      <Filter>Object\Title\UI</Filter>
    </ClCompile>
    <ClCompile Include="cUI_Button_Option.cpp">
      <Filter>Object\Title\UI\Button</Filter>
    </ClCompile>
    <ClCompile Include="cUI_Button_Quit.cpp">
      <Filter>Object\Title\UI\Button</Filter>
    </ClCompile>
    <ClCompile Include="cIngameBackground.cpp">
      <Filter>Object\Ingame\Background</Filter>
    </ClCompile>
    <ClCompile Include="cPlayer.cpp">
      <Filter>Object\Ingame\Player</Filter>
    </ClCompile>
    <ClCompile Include="cEnemy.cpp">
      <Filter>Object\Ingame\Enemy</Filter>
    </ClCompile>
    <ClCompile Include="cBullet.cpp">
      <Filter>Object\Ingame\Bullet</Filter>
    </ClCompile>
    <ClCompile Include="cEnemy1.cpp">
      <Filter>Object\Ingame\Enemy\cEnemy1</Filter>
    </ClCompile>
    <ClCompile Include="cUI_Button_Credit.cpp">
      <Filter>Object\Title\UI\Button</Filter>
    </ClCompile>
    <ClCompile Include="cUI_Button_HowToPlay.cpp">
      <Filter>Object\Title\UI\Button</Filter>
    </ClCompile>
    <ClCompile Include="cItem.cpp">
      <Filter>Object\Ingame\Item</Filter>
    </ClCompile>
    <ClCompile Include="cItem_Hp.cpp">
      <Filter>Object\Ingame\Item</Filter>
    </ClCompile>
    <ClCompile Include="cItem_Power.cpp">
      <Filter>Object\Ingame\Item</Filter>
    </ClCompile>
    <ClCompile Include="cItem_Bomb.cpp">
      <Filter>Object\Ingame\Item</Filter>
    </ClCompile>
    <ClCompile Include="cUI_Gauge.cpp">
      <Filter>Object\UI</Filter>
    </ClCompile>
    <ClCompile Include="cCreditScene.cpp">
      <Filter>Scene\Title\Credit</Filter>
    </ClCompile>
    <ClCompile Include="cCreditBackground.cpp">
      <Filter>Object\Credit\Background</Filter>
    </ClCompile>
    <ClCompile Include="cUI_Button_Back.cpp">
      <Filter>Object\Credit\UI</Filter>
    </ClCompile>
    <ClCompile Include="DXUT\Optional\SDKsound.cpp">
      <Filter>System</Filter>
    </ClCompile>
    <ClCompile Include="DXUT\Optional\SDKwavefile.cpp">
      <Filter>System</Filter>
    </ClCompile>
    <ClCompile Include="cSoundManager.cpp">
      <Filter>Manager\Sound</Filter>
    </ClCompile>
    <ClCompile Include="cUI_Background.cpp">
      <Filter>Object\Ingame\UI\Image\Status</Filter>
    </ClCompile>
    <ClCompile Include="cUI_PlayerHp.cpp">
      <Filter>Object\Ingame\UI\Image\Status</Filter>
    </ClCompile>
    <ClCompile Include="cUI_Pause_Background.cpp">
      <Filter>Object\Ingame\UI\Image\Pause</Filter>
    </ClCompile>
    <ClCompile Include="cUI_Bomb.cpp">
      <Filter>Object\Ingame\UI\Image\Bomb</Filter>
    </ClCompile>
    <ClCompile Include="cUI_Character.cpp">
      <Filter>Object\Ingame\UI\Image\Status</Filter>
    </ClCompile>
    <ClCompile Include="cUI_Score.cpp">
      <Filter>Object\Ingame\UI\Image\Score</Filter>
    </ClCompile>
    <ClCompile Include="cUI_Taro.cpp">
      <Filter>Object\Ingame\UI\Image\TaroCard</Filter>
    </ClCompile>
    <ClCompile Include="cUI_Button_Pause_Reset.cpp">
      <Filter>Object\Ingame\UI\Button\Pause</Filter>
    </ClCompile>
    <ClCompile Include="cUI_Button_Pause_Resume.cpp">
      <Filter>Object\Ingame\UI\Button\Pause</Filter>
    </ClCompile>
    <ClCompile Include="cUI_Button_Pause_Title.cpp">
      <Filter>Object\Ingame\UI\Button\Pause</Filter>
    </ClCompile>
    <ClCompile Include="cUI_Gameover_Background.cpp">
      <Filter>Object\Ingame\UI\Image\Gameover</Filter>
    </ClCompile>
    <ClCompile Include="cUI_Button_Gameover_Restart.cpp">
      <Filter>Object\Ingame\UI\Button\Gameover</Filter>
    </ClCompile>
    <ClCompile Include="cUI_Button_Gameover_Title.cpp">
      <Filter>Object\Ingame\UI\Button\Gameover</Filter>
    </ClCompile>
    <ClCompile Include="cBoss.cpp">
      <Filter>Object\Ingame\Enemy\Boss</Filter>
    </ClCompile>
  </ItemGroup>
  <ItemGroup>
    <CLInclude Include="resource.h">
      <Filter>Resource Files</Filter>
    </CLInclude>
    <ResourceCompile Include="SmileGate_Project.rc">
      <Filter>Resource Files</Filter>
    </ResourceCompile>
    <ClInclude Include="Framework.h" />
    <ClInclude Include="cMainGame.h">
      <Filter>MainGame</Filter>
    </ClInclude>
    <ClInclude Include="cGameManager.h">
      <Filter>Manager</Filter>
    </ClInclude>
    <ClInclude Include="cScene.h">
      <Filter>Scene</Filter>
    </ClInclude>
    <ClInclude Include="cGameObject.h">
      <Filter>Object</Filter>
    </ClInclude>
    <ClInclude Include="cImageManager.h">
      <Filter>Manager\Image</Filter>
    </ClInclude>
    <ClInclude Include="cInputManager.h">
      <Filter>Manager\Input</Filter>
    </ClInclude>
    <ClInclude Include="cSceneManager.h">
      <Filter>Manager\Scene</Filter>
    </ClInclude>
    <ClInclude Include="cTexture.h">
      <Filter>Manager\Image</Filter>
    </ClInclude>
    <ClInclude Include="cTitleScene.h">
      <Filter>Scene\Title</Filter>
    </ClInclude>
    <ClInclude Include="cIngameScene.h">
      <Filter>Scene\Ingame</Filter>
    </ClInclude>
    <ClInclude Include="cTitleBackground.h">
      <Filter>Object\Title\Background</Filter>
    </ClInclude>
    <ClInclude Include="cUI_Button.h">
      <Filter>Object\UI</Filter>
    </ClInclude>
    <ClInclude Include="cUtility.h">
      <Filter>System</Filter>
    </ClInclude>
    <ClInclude Include="cUI_Button_Gamestart.h">
      <Filter>Object\Title\UI\Button</Filter>
    </ClInclude>
    <ClInclude Include="cUI_Logo.h">
      <Filter>Object\Title\UI</Filter>
    </ClInclude>
    <ClInclude Include="cUI_Button_Option.h">
      <Filter>Object\Title\UI\Button</Filter>
    </ClInclude>
    <ClInclude Include="cUI_Button_Quit.h">
      <Filter>Object\Title\UI\Button</Filter>
    </ClInclude>
    <ClInclude Include="cIngameBackground.h">
      <Filter>Object\Ingame\Background</Filter>
    </ClInclude>
    <ClInclude Include="cPlayer.h">
      <Filter>Object\Ingame\Player</Filter>
    </ClInclude>
    <ClInclude Include="cEnemy.h">
      <Filter>Object\Ingame\Enemy</Filter>
    </ClInclude>
    <ClInclude Include="cBullet.h">
      <Filter>Object\Ingame\Bullet</Filter>
    </ClInclude>
    <ClInclude Include="cEnemy1.h">
      <Filter>Object\Ingame\Enemy\cEnemy1</Filter>
    </ClInclude>
    <ClInclude Include="cUI_Button_Credit.h">
      <Filter>Object\Title\UI\Button</Filter>
    </ClInclude>
    <ClInclude Include="cUI_Button_HowToPlay.h">
      <Filter>Object\Title\UI\Button</Filter>
    </ClInclude>
    <ClInclude Include="cItem.h">
      <Filter>Object\Ingame\Item</Filter>
    </ClInclude>
    <ClInclude Include="cItem_Hp.h">
      <Filter>Object\Ingame\Item</Filter>
    </ClInclude>
    <ClInclude Include="cItem_Power.h">
      <Filter>Object\Ingame\Item</Filter>
    </ClInclude>
    <ClInclude Include="cItem_Bomb.h">
      <Filter>Object\Ingame\Item</Filter>
    </ClInclude>
    <ClInclude Include="cUI_Gauge.h">
      <Filter>Object\UI</Filter>
    </ClInclude>
    <ClInclude Include="cCreditScene.h">
      <Filter>Scene\Title\Credit</Filter>
    </ClInclude>
    <ClInclude Include="cCreditBackground.h">
      <Filter>Object\Credit\Background</Filter>
    </ClInclude>
    <ClInclude Include="cUI_Button_Back.h">
      <Filter>Object\Credit\UI</Filter>
    </ClInclude>
    <ClInclude Include="DXUT\Optional\SDKsound.h">
      <Filter>System</Filter>
    </ClInclude>
    <ClInclude Include="DXUT\Optional\SDKwavefile.h">
      <Filter>System</Filter>
    </ClInclude>
    <ClInclude Include="cSoundManager.h">
      <Filter>Manager\Sound</Filter>
    </ClInclude>
    <ClInclude Include="cUI_Background.h">
      <Filter>Object\Ingame\UI\Image\Status</Filter>
    </ClInclude>
    <ClInclude Include="cUI_PlayerHp.h">
      <Filter>Object\Ingame\UI\Image\Status</Filter>
    </ClInclude>
    <ClInclude Include="cUI_Bomb.h">
      <Filter>Object\Ingame\UI\Image\Bomb</Filter>
    </ClInclude>
    <ClInclude Include="cUI_Pause_Background.h">
      <Filter>Object\Ingame\UI\Image\Pause</Filter>
    </ClInclude>
    <ClInclude Include="cUI_Character.h">
      <Filter>Object\Ingame\UI\Image\Status</Filter>
    </ClInclude>
    <ClInclude Include="cUI_Score.h">
      <Filter>Object\Ingame\UI\Image\Score</Filter>
    </ClInclude>
    <ClInclude Include="cUI_Taro.h">
      <Filter>Object\Ingame\UI\Image\TaroCard</Filter>
    </ClInclude>
    <ClInclude Include="cUI_Button_Pause_Reset.h">
      <Filter>Object\Ingame\UI\Button\Pause</Filter>
    </ClInclude>
    <ClInclude Include="cUI_Button_Pause_Resume.h">
      <Filter>Object\Ingame\UI\Button\Pause</Filter>
    </ClInclude>
    <ClInclude Include="cUI_Button_Pause_Title.h">
      <Filter>Object\Ingame\UI\Button\Pause</Filter>
    </ClInclude>
    <ClInclude Include="cUI_Gameover_Background.h">
      <Filter>Object\Ingame\UI\Image\Gameover</Filter>
    </ClInclude>
    <ClInclude Include="cUI_Button_Gameover_Restart.h">
      <Filter>Object\Ingame\UI\Button\Gameover</Filter>
    </ClInclude>
    <ClInclude Include="cUI_Button_Gameover_Title.h">
      <Filter>Object\Ingame\UI\Button\Gameover</Filter>
    </ClInclude>
    <ClInclude Include="cBoss.h">
      <Filter>Object\Ingame\Enemy\Boss</Filter>
    </ClInclude>
  </ItemGroup>
  <ItemGroup>
  </ItemGroup>
</Project>